{
  "version": 4,
  "terraform_version": "1.12.0",
  "serial": 142,
  "lineage": "3312498c-17c4-3991-7773-fb213199b857",
  "outputs": {
    "card_report_api_endpoint": {
      "value": "https://s4t02ofcv1.execute-api.us-east-1.amazonaws.com/dev/card/{card_id}?start=YYYY-MM-DDTHH:mm:ssZ\u0026end=YYYY-MM-DDTHH:mm:ssZ",
      "type": "string"
    }
  },
  "resources": [
    {
      "mode": "data",
      "type": "aws_api_gateway_rest_api",
      "name": "card_api",
      "provider": "provider[\"registry.terraform.io/hashicorp/aws\"]",
      "instances": [
        {
          "schema_version": 0,
          "attributes": {
            "api_key_source": "HEADER",
            "arn": "arn:aws:apigateway:us-east-1::/restapis/s4t02ofcv1",
            "binary_media_types": [],
            "description": "API Gateway para operaciones con tarjetas (activate, save transaction, paid, etc.)",
            "endpoint_configuration": [
              {
                "ip_address_type": "ipv4",
                "types": [
                  "EDGE"
                ],
                "vpc_endpoint_ids": []
              }
            ],
            "execution_arn": "arn:aws:execute-api:us-east-1:872112794115:s4t02ofcv1",
            "id": "s4t02ofcv1",
            "minimum_compression_size": "",
            "name": "card-api",
            "policy": "",
            "root_resource_id": "rwybet2boa",
            "tags": {}
          },
          "sensitive_attributes": [],
          "identity_schema_version": 0
        }
      ]
    },
    {
      "mode": "data",
      "type": "aws_dynamodb_table",
      "name": "transaction_table",
      "provider": "provider[\"registry.terraform.io/hashicorp/aws\"]",
      "instances": [
        {
          "schema_version": 0,
          "attributes": {
            "arn": "arn:aws:dynamodb:us-east-1:872112794115:table/transaction-table",
            "attribute": [
              {
                "name": "createdAt",
                "type": "S"
              },
              {
                "name": "uuid",
                "type": "S"
              }
            ],
            "billing_mode": "PAY_PER_REQUEST",
            "deletion_protection_enabled": false,
            "global_secondary_index": [],
            "hash_key": "uuid",
            "id": "transaction-table",
            "local_secondary_index": [],
            "name": "transaction-table",
            "on_demand_throughput": [],
            "point_in_time_recovery": [
              {
                "enabled": false,
                "recovery_period_in_days": 0
              }
            ],
            "range_key": "createdAt",
            "read_capacity": 0,
            "replica": [],
            "server_side_encryption": [],
            "stream_arn": "",
            "stream_enabled": false,
            "stream_label": "",
            "stream_view_type": "",
            "table_class": "STANDARD",
            "tags": {},
            "ttl": [
              {
                "attribute_name": "",
                "enabled": false
              }
            ],
            "write_capacity": 0
          },
          "sensitive_attributes": [],
          "identity_schema_version": 0
        }
      ]
    },
    {
      "mode": "data",
      "type": "aws_sqs_queue",
      "name": "notification_queue",
      "provider": "provider[\"registry.terraform.io/hashicorp/aws\"]",
      "instances": [
        {
          "schema_version": 0,
          "attributes": {
            "arn": "arn:aws:sqs:us-east-1:872112794115:notification-email-sqs",
            "id": "https://sqs.us-east-1.amazonaws.com/872112794115/notification-email-sqs",
            "name": "notification-email-sqs",
            "tags": {},
            "url": "https://sqs.us-east-1.amazonaws.com/872112794115/notification-email-sqs"
          },
          "sensitive_attributes": [],
          "identity_schema_version": 0
        }
      ]
    },
    {
      "mode": "managed",
      "type": "aws_api_gateway_deployment",
      "name": "card_api_deployment",
      "provider": "provider[\"registry.terraform.io/hashicorp/aws\"]",
      "instances": [
        {
          "schema_version": 0,
          "attributes": {
            "canary_settings": [],
            "created_date": "2025-09-09T08:08:08Z",
            "description": "",
            "execution_arn": "arn:aws:execute-api:us-east-1:872112794115:s4t02ofcv1/",
            "id": "bdr4rp",
            "invoke_url": "https://s4t02ofcv1.execute-api.us-east-1.amazonaws.com/",
            "rest_api_id": "s4t02ofcv1",
            "stage_description": null,
            "stage_name": null,
            "triggers": {
              "redeploy": "381942b5ef03f9e571af9fc5df9029ea5e6015ea"
            },
            "variables": null
          },
          "sensitive_attributes": [],
          "identity_schema_version": 0,
          "private": "bnVsbA==",
          "dependencies": [
            "aws_api_gateway_integration.report_card_integration",
            "aws_api_gateway_method.report_card_get",
            "aws_api_gateway_resource.card_id_resource",
            "aws_api_gateway_resource.card_resource",
            "aws_cloudwatch_log_group.lambda_log_group",
            "aws_iam_role.iam_for_lambda_report",
            "aws_iam_role_policy.lambda_policy_for_report",
            "aws_lambda_function.CardReportLmb",
            "aws_lambda_permission.apigw_lambda_card_invoke",
            "aws_s3_bucket.reports_bucket",
            "data.aws_api_gateway_rest_api.card_api",
            "data.aws_dynamodb_table.transaction_table",
            "data.aws_sqs_queue.notification_queue"
          ]
        }
      ]
    },
    {
      "mode": "managed",
      "type": "aws_api_gateway_integration",
      "name": "report_card_integration",
      "provider": "provider[\"registry.terraform.io/hashicorp/aws\"]",
      "instances": [
        {
          "schema_version": 0,
          "attributes": {
            "cache_key_parameters": [],
            "cache_namespace": "34qor4",
            "connection_id": "",
            "connection_type": "INTERNET",
            "content_handling": "",
            "credentials": "",
            "http_method": "GET",
            "id": "agi-s4t02ofcv1-34qor4-GET",
            "integration_http_method": "POST",
            "passthrough_behavior": "WHEN_NO_MATCH",
            "request_parameters": {
              "integration.request.path.card_id": "method.request.path.card_id",
              "integration.request.querystring.end": "method.request.querystring.end",
              "integration.request.querystring.start": "method.request.querystring.start"
            },
            "request_templates": {},
            "resource_id": "34qor4",
            "rest_api_id": "s4t02ofcv1",
            "timeout_milliseconds": 29000,
            "tls_config": [],
            "type": "AWS_PROXY",
            "uri": "arn:aws:apigateway:us-east-1:lambda:path/2015-03-31/functions/arn:aws:lambda:us-east-1:872112794115:function:card-report-lambda/invocations"
          },
          "sensitive_attributes": [],
          "identity_schema_version": 0,
          "private": "bnVsbA==",
          "dependencies": [
            "aws_api_gateway_method.report_card_get",
            "aws_api_gateway_resource.card_id_resource",
            "aws_api_gateway_resource.card_resource",
            "aws_cloudwatch_log_group.lambda_log_group",
            "aws_iam_role.iam_for_lambda_report",
            "aws_iam_role_policy.lambda_policy_for_report",
            "aws_lambda_function.CardReportLmb",
            "aws_s3_bucket.reports_bucket",
            "data.aws_api_gateway_rest_api.card_api",
            "data.aws_dynamodb_table.transaction_table",
            "data.aws_sqs_queue.notification_queue"
          ]
        }
      ]
    },
    {
      "mode": "managed",
      "type": "aws_api_gateway_method",
      "name": "report_card_get",
      "provider": "provider[\"registry.terraform.io/hashicorp/aws\"]",
      "instances": [
        {
          "schema_version": 0,
          "attributes": {
            "api_key_required": false,
            "authorization": "NONE",
            "authorization_scopes": [],
            "authorizer_id": "",
            "http_method": "GET",
            "id": "agm-s4t02ofcv1-34qor4-GET",
            "operation_name": "",
            "request_models": {},
            "request_parameters": {
              "method.request.path.card_id": true,
              "method.request.querystring.end": true,
              "method.request.querystring.start": true
            },
            "request_validator_id": "",
            "resource_id": "34qor4",
            "rest_api_id": "s4t02ofcv1"
          },
          "sensitive_attributes": [],
          "identity_schema_version": 0,
          "private": "bnVsbA==",
          "dependencies": [
            "aws_api_gateway_resource.card_id_resource",
            "aws_api_gateway_resource.card_resource",
            "data.aws_api_gateway_rest_api.card_api"
          ]
        }
      ]
    },
    {
      "mode": "managed",
      "type": "aws_api_gateway_resource",
      "name": "card_id_resource",
      "provider": "provider[\"registry.terraform.io/hashicorp/aws\"]",
      "instances": [
        {
          "schema_version": 0,
          "attributes": {
            "id": "34qor4",
            "parent_id": "liwqew",
            "path": "/card/{card_id}",
            "path_part": "{card_id}",
            "rest_api_id": "s4t02ofcv1"
          },
          "sensitive_attributes": [],
          "identity_schema_version": 0,
          "private": "bnVsbA==",
          "dependencies": [
            "aws_api_gateway_resource.card_resource",
            "data.aws_api_gateway_rest_api.card_api"
          ]
        }
      ]
    },
    {
      "mode": "managed",
      "type": "aws_api_gateway_resource",
      "name": "card_resource",
      "provider": "provider[\"registry.terraform.io/hashicorp/aws\"]",
      "instances": [
        {
          "schema_version": 0,
          "attributes": {
            "id": "liwqew",
            "parent_id": "rwybet2boa",
            "path": "/card",
            "path_part": "card",
            "rest_api_id": "s4t02ofcv1"
          },
          "sensitive_attributes": [],
          "identity_schema_version": 0,
          "private": "bnVsbA==",
          "dependencies": [
            "data.aws_api_gateway_rest_api.card_api"
          ]
        }
      ]
    },
    {
      "mode": "managed",
      "type": "aws_cloudwatch_log_group",
      "name": "lambda_log_group",
      "provider": "provider[\"registry.terraform.io/hashicorp/aws\"]",
      "instances": [
        {
          "schema_version": 0,
          "attributes": {
            "arn": "arn:aws:logs:us-east-1:872112794115:log-group:/aws/lambda/card-report-lambda",
            "id": "/aws/lambda/card-report-lambda",
            "kms_key_id": "",
            "log_group_class": "STANDARD",
            "name": "/aws/lambda/card-report-lambda",
            "name_prefix": "",
            "retention_in_days": 7,
            "skip_destroy": false,
            "tags": {
              "Environment": "dev"
            },
            "tags_all": {
              "Environment": "dev"
            }
          },
          "sensitive_attributes": [],
          "identity_schema_version": 0,
          "private": "bnVsbA=="
        }
      ]
    },
    {
      "mode": "managed",
      "type": "aws_iam_role",
      "name": "iam_for_lambda_report",
      "provider": "provider[\"registry.terraform.io/hashicorp/aws\"]",
      "instances": [
        {
          "schema_version": 0,
          "attributes": {
            "arn": "arn:aws:iam::872112794115:role/card-report-lambda-role",
            "assume_role_policy": "{\"Statement\":[{\"Action\":\"sts:AssumeRole\",\"Effect\":\"Allow\",\"Principal\":{\"Service\":\"lambda.amazonaws.com\"}}],\"Version\":\"2012-10-17\"}",
            "create_date": "2025-09-09T08:01:21Z",
            "description": "",
            "force_detach_policies": false,
            "id": "card-report-lambda-role",
            "inline_policy": [
              {
                "name": "card-report-lambda-policy",
                "policy": "{\"Version\":\"2012-10-17\",\"Statement\":[{\"Action\":[\"logs:CreateLogGroup\",\"logs:CreateLogStream\",\"logs:PutLogEvents\"],\"Effect\":\"Allow\",\"Resource\":\"arn:aws:logs:*:*:*\"},{\"Action\":[\"dynamodb:GetItem\",\"dynamodb:Query\",\"dynamodb:Scan\"],\"Effect\":\"Allow\",\"Resource\":\"arn:aws:dynamodb:us-east-1:872112794115:table/transaction-table\"},{\"Action\":[\"s3:PutObject\",\"s3:GetObject\"],\"Effect\":\"Allow\",\"Resource\":\"arn:aws:s3:::transactions-report-bucket/*\"},{\"Action\":[\"sqs:SendMessage\"],\"Effect\":\"Allow\",\"Resource\":\"arn:aws:sqs:us-east-1:872112794115:notification-email-sqs\"}]}"
              }
            ],
            "managed_policy_arns": [],
            "max_session_duration": 3600,
            "name": "card-report-lambda-role",
            "name_prefix": "",
            "path": "/",
            "permissions_boundary": "",
            "tags": {},
            "tags_all": {},
            "unique_id": "AROA4WDPZFIBWGFLX6BCX"
          },
          "sensitive_attributes": [],
          "identity_schema_version": 0,
          "private": "bnVsbA=="
        }
      ]
    },
    {
      "mode": "managed",
      "type": "aws_iam_role_policy",
      "name": "lambda_policy_for_report",
      "provider": "provider[\"registry.terraform.io/hashicorp/aws\"]",
      "instances": [
        {
          "schema_version": 0,
          "attributes": {
            "id": "card-report-lambda-role:card-report-lambda-policy",
            "name": "card-report-lambda-policy",
            "name_prefix": "",
            "policy": "{\"Version\":\"2012-10-17\",\"Statement\":[{\"Action\":[\"logs:CreateLogGroup\",\"logs:CreateLogStream\",\"logs:PutLogEvents\"],\"Effect\":\"Allow\",\"Resource\":\"arn:aws:logs:*:*:*\"},{\"Action\":[\"dynamodb:GetItem\",\"dynamodb:Query\",\"dynamodb:Scan\"],\"Effect\":\"Allow\",\"Resource\":\"arn:aws:dynamodb:us-east-1:872112794115:table/transaction-table\"},{\"Action\":[\"s3:PutObject\",\"s3:GetObject\"],\"Effect\":\"Allow\",\"Resource\":\"arn:aws:s3:::transactions-report-bucket/*\"},{\"Action\":[\"sqs:SendMessage\"],\"Effect\":\"Allow\",\"Resource\":\"arn:aws:sqs:us-east-1:872112794115:notification-email-sqs\"}]}",
            "role": "card-report-lambda-role"
          },
          "sensitive_attributes": [],
          "identity_schema_version": 0,
          "private": "bnVsbA==",
          "dependencies": [
            "aws_iam_role.iam_for_lambda_report",
            "aws_s3_bucket.reports_bucket",
            "data.aws_dynamodb_table.transaction_table",
            "data.aws_sqs_queue.notification_queue"
          ]
        }
      ]
    },
    {
      "mode": "managed",
      "type": "aws_lambda_function",
      "name": "CardReportLmb",
      "provider": "provider[\"registry.terraform.io/hashicorp/aws\"]",
      "instances": [
        {
          "schema_version": 0,
          "attributes": {
            "architectures": [
              "x86_64"
            ],
            "arn": "arn:aws:lambda:us-east-1:872112794115:function:card-report-lambda",
            "code_sha256": "dEGjubnWO7DZIQV4KNm03d4S1VKDgfk2r8LqeNRLwWc=",
            "code_signing_config_arn": "",
            "dead_letter_config": [],
            "description": "",
            "environment": [
              {
                "variables": {
                  "REPORTS_BUCKET": "transactions-report-bucket",
                  "SQS_QUEUE_URL_NOTIFICATION": "https://sqs.us-east-1.amazonaws.com/872112794115/notification-email-sqs",
                  "TRANSACTIONS_TABLE": "transaction-table"
                }
              }
            ],
            "ephemeral_storage": [
              {
                "size": 512
              }
            ],
            "file_system_config": [],
            "filename": "C:/Users/lgsan/OneDrive/Documentos/Actividades de la universidad/Sistemas Distribuidos/Parcial Corte 1/CardGetReport/card-get-report-lambda/target/card-get-report-lambda-1.0-SNAPSHOT.jar",
            "function_name": "card-report-lambda",
            "handler": "org.example.CardGetReportLambda::handleRequest",
            "id": "card-report-lambda",
            "image_config": [],
            "image_uri": "",
            "invoke_arn": "arn:aws:apigateway:us-east-1:lambda:path/2015-03-31/functions/arn:aws:lambda:us-east-1:872112794115:function:card-report-lambda/invocations",
            "kms_key_arn": "",
            "last_modified": "2025-09-09T08:01:30.953+0000",
            "layers": [],
            "logging_config": [
              {
                "application_log_level": "",
                "log_format": "Text",
                "log_group": "/aws/lambda/card-report-lambda",
                "system_log_level": ""
              }
            ],
            "memory_size": 512,
            "package_type": "Zip",
            "publish": false,
            "qualified_arn": "arn:aws:lambda:us-east-1:872112794115:function:card-report-lambda:$LATEST",
            "qualified_invoke_arn": "arn:aws:apigateway:us-east-1:lambda:path/2015-03-31/functions/arn:aws:lambda:us-east-1:872112794115:function:card-report-lambda:$LATEST/invocations",
            "replace_security_groups_on_destroy": null,
            "replacement_security_group_ids": null,
            "reserved_concurrent_executions": -1,
            "role": "arn:aws:iam::872112794115:role/card-report-lambda-role",
            "runtime": "java17",
            "s3_bucket": null,
            "s3_key": null,
            "s3_object_version": null,
            "signing_job_arn": "",
            "signing_profile_version_arn": "",
            "skip_destroy": false,
            "snap_start": [],
            "source_code_hash": "dEGjubnWO7DZIQV4KNm03d4S1VKDgfk2r8LqeNRLwWc=",
            "source_code_size": 22954105,
            "tags": {},
            "tags_all": {},
            "timeout": 900,
            "timeouts": null,
            "tracing_config": [
              {
                "mode": "PassThrough"
              }
            ],
            "version": "$LATEST",
            "vpc_config": []
          },
          "sensitive_attributes": [],
          "identity_schema_version": 0,
          "private": "eyJlMmJmYjczMC1lY2FhLTExZTYtOGY4OC0zNDM2M2JjN2M0YzAiOnsiY3JlYXRlIjo2MDAwMDAwMDAwMDAsImRlbGV0ZSI6NjAwMDAwMDAwMDAwLCJ1cGRhdGUiOjYwMDAwMDAwMDAwMH19",
          "dependencies": [
            "aws_cloudwatch_log_group.lambda_log_group",
            "aws_iam_role.iam_for_lambda_report",
            "aws_iam_role_policy.lambda_policy_for_report",
            "aws_s3_bucket.reports_bucket",
            "data.aws_dynamodb_table.transaction_table",
            "data.aws_sqs_queue.notification_queue"
          ]
        }
      ]
    },
    {
      "mode": "managed",
      "type": "aws_lambda_permission",
      "name": "apigw_lambda_card_invoke",
      "provider": "provider[\"registry.terraform.io/hashicorp/aws\"]",
      "instances": [
        {
          "schema_version": 0,
          "attributes": {
            "action": "lambda:InvokeFunction",
            "event_source_token": null,
            "function_name": "card-report-lambda",
            "function_url_auth_type": null,
            "id": "AllowAPIGatewayInvokeCardReport",
            "principal": "apigateway.amazonaws.com",
            "principal_org_id": null,
            "qualifier": "",
            "source_account": null,
            "source_arn": "arn:aws:execute-api:us-east-1:872112794115:s4t02ofcv1/*/*",
            "statement_id": "AllowAPIGatewayInvokeCardReport",
            "statement_id_prefix": ""
          },
          "sensitive_attributes": [],
          "identity_schema_version": 0,
          "private": "bnVsbA==",
          "dependencies": [
            "aws_cloudwatch_log_group.lambda_log_group",
            "aws_iam_role.iam_for_lambda_report",
            "aws_iam_role_policy.lambda_policy_for_report",
            "aws_lambda_function.CardReportLmb",
            "aws_s3_bucket.reports_bucket",
            "data.aws_api_gateway_rest_api.card_api",
            "data.aws_dynamodb_table.transaction_table",
            "data.aws_sqs_queue.notification_queue"
          ]
        }
      ]
    },
    {
      "mode": "managed",
      "type": "aws_s3_bucket",
      "name": "reports_bucket",
      "provider": "provider[\"registry.terraform.io/hashicorp/aws\"]",
      "instances": [
        {
          "schema_version": 0,
          "attributes": {
            "acceleration_status": "",
            "acl": null,
            "arn": "arn:aws:s3:::transactions-report-bucket",
            "bucket": "transactions-report-bucket",
            "bucket_domain_name": "transactions-report-bucket.s3.amazonaws.com",
            "bucket_prefix": "",
            "bucket_regional_domain_name": "transactions-report-bucket.s3.us-east-1.amazonaws.com",
            "cors_rule": [],
            "force_destroy": false,
            "grant": [
              {
                "id": "3571848cdb87045ca383c73d7000ed6596b9d9ec6d0d5e781a848f6c925a5735",
                "permissions": [
                  "FULL_CONTROL"
                ],
                "type": "CanonicalUser",
                "uri": ""
              }
            ],
            "hosted_zone_id": "Z3AQBSTGFYJSTF",
            "id": "transactions-report-bucket",
            "lifecycle_rule": [],
            "logging": [],
            "object_lock_configuration": [],
            "object_lock_enabled": false,
            "policy": "",
            "region": "us-east-1",
            "replication_configuration": [],
            "request_payer": "BucketOwner",
            "server_side_encryption_configuration": [
              {
                "rule": [
                  {
                    "apply_server_side_encryption_by_default": [
                      {
                        "kms_master_key_id": "",
                        "sse_algorithm": "AES256"
                      }
                    ],
                    "bucket_key_enabled": false
                  }
                ]
              }
            ],
            "tags": {
              "Environment": "dev",
              "Project": "card-reports"
            },
            "tags_all": {
              "Environment": "dev",
              "Project": "card-reports"
            },
            "timeouts": null,
            "versioning": [
              {
                "enabled": false,
                "mfa_delete": false
              }
            ],
            "website": [],
            "website_domain": null,
            "website_endpoint": null
          },
          "sensitive_attributes": [],
          "identity_schema_version": 0,
          "private": "eyJlMmJmYjczMC1lY2FhLTExZTYtOGY4OC0zNDM2M2JjN2M0YzAiOnsiY3JlYXRlIjoxMjAwMDAwMDAwMDAwLCJkZWxldGUiOjM2MDAwMDAwMDAwMDAsInJlYWQiOjEyMDAwMDAwMDAwMDAsInVwZGF0ZSI6MTIwMDAwMDAwMDAwMH19"
        }
      ]
    }
  ],
  "check_results": null
}
