{
  "version": 4,
  "terraform_version": "1.12.0",
  "serial": 416,
  "lineage": "e67307f4-a034-4839-4e6f-0496bd78ef39",
  "outputs": {
    "card_paid_endpoint": {
      "value": "https://j9busqzanh.execute-api.us-east-1.amazonaws.com/dev-card-paid/paid/{card_id}",
      "type": "string"
    }
  },
  "resources": [
    {
      "mode": "data",
      "type": "aws_api_gateway_resource",
      "name": "existing_card_id_resource",
      "provider": "provider[\"registry.terraform.io/hashicorp/aws\"]",
      "instances": [
        {
          "schema_version": 0,
          "attributes": {
            "id": "49x33t",
            "parent_id": "e3pqos",
            "path": "/card/{card_id}",
            "path_part": "{card_id}",
            "region": "us-east-1",
            "rest_api_id": "j9busqzanh"
          },
          "sensitive_attributes": [],
          "identity_schema_version": 0
        }
      ]
    },
    {
      "mode": "data",
      "type": "aws_api_gateway_resource",
      "name": "existing_card_resource",
      "provider": "provider[\"registry.terraform.io/hashicorp/aws\"]",
      "instances": [
        {
          "schema_version": 0,
          "attributes": {
            "id": "e3pqos",
            "parent_id": "wtu308rape",
            "path": "/card",
            "path_part": "card",
            "region": "us-east-1",
            "rest_api_id": "j9busqzanh"
          },
          "sensitive_attributes": [],
          "identity_schema_version": 0
        }
      ]
    },
    {
      "mode": "data",
      "type": "aws_api_gateway_rest_api",
      "name": "card_api",
      "provider": "provider[\"registry.terraform.io/hashicorp/aws\"]",
      "instances": [
        {
          "schema_version": 0,
          "attributes": {
            "api_key_source": "HEADER",
            "arn": "arn:aws:apigateway:us-east-1::/restapis/j9busqzanh",
            "binary_media_types": [],
            "description": "API Gateway para operaciones con tarjetas (activate, save transaction, paid, etc.)",
            "endpoint_configuration": [
              {
                "ip_address_type": "ipv4",
                "types": [
                  "EDGE"
                ],
                "vpc_endpoint_ids": []
              }
            ],
            "execution_arn": "arn:aws:execute-api:us-east-1:872112794115:j9busqzanh",
            "id": "j9busqzanh",
            "minimum_compression_size": "",
            "name": "card-api",
            "policy": "",
            "region": "us-east-1",
            "root_resource_id": "wtu308rape",
            "tags": {}
          },
          "sensitive_attributes": [],
          "identity_schema_version": 0
        }
      ]
    },
    {
      "mode": "data",
      "type": "aws_caller_identity",
      "name": "current",
      "provider": "provider[\"registry.terraform.io/hashicorp/aws\"]",
      "instances": [
        {
          "schema_version": 0,
          "attributes": {
            "account_id": "872112794115",
            "arn": "arn:aws:iam::872112794115:user/Luis-Admin",
            "id": "872112794115",
            "user_id": "AIDA4WDPZFIB4IE37D5N5"
          },
          "sensitive_attributes": [],
          "identity_schema_version": 0
        }
      ]
    },
    {
      "mode": "managed",
      "type": "aws_api_gateway_deployment",
      "name": "card_api_deployment_paid",
      "provider": "provider[\"registry.terraform.io/hashicorp/aws\"]",
      "instances": [
        {
          "schema_version": 0,
          "attributes": {
            "created_date": "2025-09-09T20:31:23Z",
            "description": "",
            "id": "d5wa9q",
            "region": "us-east-1",
            "rest_api_id": "j9busqzanh",
            "triggers": {
              "redeploy": "884cf6ca0102ce00eba9968e179ad680fc85b1ce"
            },
            "variables": null
          },
          "sensitive_attributes": [],
          "identity_schema_version": 0,
          "private": "bnVsbA==",
          "dependencies": [
            "aws_api_gateway_integration.card_paid_integration",
            "aws_api_gateway_method.card_paid_post",
            "aws_api_gateway_resource.paid_card_id_resource",
            "aws_api_gateway_resource.paid_resource",
            "aws_cloudwatch_log_group.lambda_paid_log",
            "aws_iam_role.lambda_paid_role",
            "aws_iam_role_policy.lambda_paid_policy",
            "aws_lambda_function.card_paid_fn",
            "aws_lambda_permission.allow_apigw_invoke_paid",
            "data.aws_api_gateway_rest_api.card_api",
            "data.aws_caller_identity.current"
          ]
        }
      ]
    },
    {
      "mode": "managed",
      "type": "aws_api_gateway_integration",
      "name": "card_paid_integration",
      "provider": "provider[\"registry.terraform.io/hashicorp/aws\"]",
      "instances": [
        {
          "schema_version": 0,
          "attributes": {
            "cache_key_parameters": null,
            "cache_namespace": "b91iqh",
            "connection_id": "",
            "connection_type": "INTERNET",
            "content_handling": "",
            "credentials": "",
            "http_method": "POST",
            "id": "agi-j9busqzanh-b91iqh-POST",
            "integration_http_method": "POST",
            "passthrough_behavior": "WHEN_NO_MATCH",
            "region": "us-east-1",
            "request_parameters": {
              "integration.request.path.card_id": "method.request.path.card_id"
            },
            "request_templates": null,
            "resource_id": "b91iqh",
            "rest_api_id": "j9busqzanh",
            "timeout_milliseconds": 29000,
            "tls_config": [],
            "type": "AWS_PROXY",
            "uri": "arn:aws:apigateway:us-east-1:lambda:path/2015-03-31/functions/arn:aws:lambda:us-east-1:872112794115:function:card-paid-credit-card-lambda/invocations"
          },
          "sensitive_attributes": [],
          "identity_schema_version": 0,
          "private": "bnVsbA==",
          "dependencies": [
            "aws_api_gateway_method.card_paid_post",
            "aws_api_gateway_resource.paid_card_id_resource",
            "aws_api_gateway_resource.paid_resource",
            "aws_cloudwatch_log_group.lambda_paid_log",
            "aws_iam_role.lambda_paid_role",
            "aws_iam_role_policy.lambda_paid_policy",
            "aws_lambda_function.card_paid_fn",
            "data.aws_api_gateway_rest_api.card_api"
          ]
        }
      ]
    },
    {
      "mode": "managed",
      "type": "aws_api_gateway_method",
      "name": "card_paid_post",
      "provider": "provider[\"registry.terraform.io/hashicorp/aws\"]",
      "instances": [
        {
          "schema_version": 0,
          "attributes": {
            "api_key_required": false,
            "authorization": "NONE",
            "authorization_scopes": null,
            "authorizer_id": null,
            "http_method": "POST",
            "id": "agm-j9busqzanh-b91iqh-POST",
            "operation_name": null,
            "region": "us-east-1",
            "request_models": null,
            "request_parameters": {
              "method.request.path.card_id": true
            },
            "request_validator_id": null,
            "resource_id": "b91iqh",
            "rest_api_id": "j9busqzanh"
          },
          "sensitive_attributes": [],
          "identity_schema_version": 0,
          "private": "bnVsbA==",
          "dependencies": [
            "aws_api_gateway_resource.paid_card_id_resource",
            "aws_api_gateway_resource.paid_resource",
            "data.aws_api_gateway_rest_api.card_api"
          ]
        }
      ]
    },
    {
      "mode": "managed",
      "type": "aws_api_gateway_resource",
      "name": "paid_card_id_resource",
      "provider": "provider[\"registry.terraform.io/hashicorp/aws\"]",
      "instances": [
        {
          "schema_version": 0,
          "attributes": {
            "id": "b91iqh",
            "parent_id": "g2xr3n",
            "path": "/paid/{card_id}",
            "path_part": "{card_id}",
            "region": "us-east-1",
            "rest_api_id": "j9busqzanh"
          },
          "sensitive_attributes": [],
          "identity_schema_version": 0,
          "private": "bnVsbA==",
          "dependencies": [
            "aws_api_gateway_resource.paid_resource",
            "data.aws_api_gateway_rest_api.card_api"
          ]
        }
      ]
    },
    {
      "mode": "managed",
      "type": "aws_api_gateway_resource",
      "name": "paid_resource",
      "provider": "provider[\"registry.terraform.io/hashicorp/aws\"]",
      "instances": [
        {
          "schema_version": 0,
          "attributes": {
            "id": "g2xr3n",
            "parent_id": "wtu308rape",
            "path": "/paid",
            "path_part": "paid",
            "region": "us-east-1",
            "rest_api_id": "j9busqzanh"
          },
          "sensitive_attributes": [],
          "identity_schema_version": 0,
          "private": "bnVsbA==",
          "dependencies": [
            "data.aws_api_gateway_rest_api.card_api"
          ]
        }
      ]
    },
    {
      "mode": "managed",
      "type": "aws_api_gateway_stage",
      "name": "dev_card_paid_stage",
      "provider": "provider[\"registry.terraform.io/hashicorp/aws\"]",
      "instances": [
        {
          "schema_version": 0,
          "attributes": {
            "access_log_settings": [],
            "arn": "arn:aws:apigateway:us-east-1::/restapis/j9busqzanh/stages/dev-card-paid",
            "cache_cluster_enabled": false,
            "cache_cluster_size": "",
            "canary_settings": [],
            "client_certificate_id": "",
            "deployment_id": "d5wa9q",
            "description": "",
            "documentation_version": "",
            "execution_arn": "arn:aws:execute-api:us-east-1:872112794115:j9busqzanh/dev-card-paid",
            "id": "ags-j9busqzanh-dev-card-paid",
            "invoke_url": "https://j9busqzanh.execute-api.us-east-1.amazonaws.com/dev-card-paid",
            "region": "us-east-1",
            "rest_api_id": "j9busqzanh",
            "stage_name": "dev-card-paid",
            "tags": null,
            "tags_all": {},
            "variables": null,
            "web_acl_arn": "",
            "xray_tracing_enabled": false
          },
          "sensitive_attributes": [],
          "identity_schema_version": 0,
          "private": "bnVsbA==",
          "dependencies": [
            "aws_api_gateway_deployment.card_api_deployment_paid",
            "aws_api_gateway_integration.card_paid_integration",
            "aws_api_gateway_method.card_paid_post",
            "aws_api_gateway_resource.paid_card_id_resource",
            "aws_api_gateway_resource.paid_resource",
            "aws_cloudwatch_log_group.lambda_paid_log",
            "aws_iam_role.lambda_paid_role",
            "aws_iam_role_policy.lambda_paid_policy",
            "aws_lambda_function.card_paid_fn",
            "aws_lambda_permission.allow_apigw_invoke_paid",
            "data.aws_api_gateway_rest_api.card_api",
            "data.aws_caller_identity.current"
          ]
        }
      ]
    },
    {
      "mode": "managed",
      "type": "aws_cloudwatch_log_group",
      "name": "lambda_paid_log",
      "provider": "provider[\"registry.terraform.io/hashicorp/aws\"]",
      "instances": [
        {
          "schema_version": 0,
          "attributes": {
            "arn": "arn:aws:logs:us-east-1:872112794115:log-group:/aws/lambda/card-paid-credit-card-lambda",
            "id": "/aws/lambda/card-paid-credit-card-lambda",
            "kms_key_id": "",
            "log_group_class": "STANDARD",
            "name": "/aws/lambda/card-paid-credit-card-lambda",
            "name_prefix": "",
            "region": "us-east-1",
            "retention_in_days": 14,
            "skip_destroy": false,
            "tags": {
              "Project": "card-paid",
              "Stage": "dev-card-paid"
            },
            "tags_all": {
              "Project": "card-paid",
              "Stage": "dev-card-paid"
            }
          },
          "sensitive_attributes": [],
          "identity_schema_version": 0,
          "identity": {
            "account_id": "872112794115",
            "name": "/aws/lambda/card-paid-credit-card-lambda",
            "region": "us-east-1"
          },
          "private": "bnVsbA=="
        }
      ]
    },
    {
      "mode": "managed",
      "type": "aws_iam_role",
      "name": "lambda_paid_role",
      "provider": "provider[\"registry.terraform.io/hashicorp/aws\"]",
      "instances": [
        {
          "schema_version": 0,
          "attributes": {
            "arn": "arn:aws:iam::872112794115:role/card-paid-credit-card-lambda-role",
            "assume_role_policy": "{\"Statement\":[{\"Action\":\"sts:AssumeRole\",\"Effect\":\"Allow\",\"Principal\":{\"Service\":\"lambda.amazonaws.com\"}}],\"Version\":\"2012-10-17\"}",
            "create_date": "2025-09-09T20:31:07Z",
            "description": "",
            "force_detach_policies": false,
            "id": "card-paid-credit-card-lambda-role",
            "inline_policy": [],
            "managed_policy_arns": [],
            "max_session_duration": 3600,
            "name": "card-paid-credit-card-lambda-role",
            "name_prefix": "",
            "path": "/",
            "permissions_boundary": "",
            "tags": null,
            "tags_all": {},
            "unique_id": "AROA4WDPZFIBXG4BSTQTS"
          },
          "sensitive_attributes": [],
          "identity_schema_version": 0,
          "identity": {
            "account_id": "872112794115",
            "name": "card-paid-credit-card-lambda-role"
          },
          "private": "bnVsbA=="
        }
      ]
    },
    {
      "mode": "managed",
      "type": "aws_iam_role_policy",
      "name": "lambda_paid_policy",
      "provider": "provider[\"registry.terraform.io/hashicorp/aws\"]",
      "instances": [
        {
          "schema_version": 0,
          "attributes": {
            "id": "card-paid-credit-card-lambda-role:card-paid-credit-card-lambda-policy",
            "name": "card-paid-credit-card-lambda-policy",
            "name_prefix": "",
            "policy": "{\"Version\":\"2012-10-17\",\"Statement\":[{\"Action\":[\"logs:CreateLogGroup\",\"logs:CreateLogStream\",\"logs:PutLogEvents\"],\"Effect\":\"Allow\",\"Resource\":\"arn:aws:logs:*:*:*\"},{\"Action\":[\"dynamodb:Query\",\"dynamodb:GetItem\",\"dynamodb:UpdateItem\",\"dynamodb:PutItem\",\"dynamodb:Query\"],\"Effect\":\"Allow\",\"Resource\":[\"arn:aws:dynamodb:us-east-1:872112794115:table/card-table\",\"arn:aws:dynamodb:us-east-1:872112794115:table/transaction-table\"]},{\"Action\":[\"sqs:SendMessage\"],\"Effect\":\"Allow\",\"Resource\":\"arn:aws:sqs:us-east-1:872112794115:notification-email-sqs\"}]}",
            "role": "card-paid-credit-card-lambda-role"
          },
          "sensitive_attributes": [],
          "identity_schema_version": 0,
          "identity": {
            "account_id": "872112794115",
            "name": "card-paid-credit-card-lambda-policy",
            "role": "card-paid-credit-card-lambda-role"
          },
          "private": "bnVsbA==",
          "dependencies": [
            "aws_iam_role.lambda_paid_role"
          ]
        }
      ]
    },
    {
      "mode": "managed",
      "type": "aws_lambda_function",
      "name": "card_paid_fn",
      "provider": "provider[\"registry.terraform.io/hashicorp/aws\"]",
      "instances": [
        {
          "schema_version": 0,
          "attributes": {
            "architectures": [
              "x86_64"
            ],
            "arn": "arn:aws:lambda:us-east-1:872112794115:function:card-paid-credit-card-lambda",
            "code_sha256": "LtCq8fRpZ2neMVFZXsU7TmKOJXh3oDFZjNkQXw3d87s=",
            "code_signing_config_arn": "",
            "dead_letter_config": [],
            "description": "",
            "environment": [
              {
                "variables": {
                  "CARD_TABLE": "card-table",
                  "REGION": "us-east-1",
                  "SQS_QUEUE_URL_NOTIFICATION": "https://sqs.us-east-1.amazonaws.com/872112794115/notification-email-sqs",
                  "TRANSACTION_TABLE": "transaction-table"
                }
              }
            ],
            "ephemeral_storage": [
              {
                "size": 512
              }
            ],
            "file_system_config": [],
            "filename": "C:/Users/lgsan/OneDrive/Documentos/Actividades de la universidad/Sistemas Distribuidos/Parcial Corte 1/CardPaidCreditCard/card-paid-credit-card-lambda/target/card-paid-credit-card-lambda-1.0-SNAPSHOT.jar",
            "function_name": "card-paid-credit-card-lambda",
            "handler": "org.example.CardPaidCreditCardLambda::handleRequest",
            "id": "card-paid-credit-card-lambda",
            "image_config": [],
            "image_uri": "",
            "invoke_arn": "arn:aws:apigateway:us-east-1:lambda:path/2015-03-31/functions/arn:aws:lambda:us-east-1:872112794115:function:card-paid-credit-card-lambda/invocations",
            "kms_key_arn": "",
            "last_modified": "2025-09-09T20:31:16.851+0000",
            "layers": null,
            "logging_config": [
              {
                "application_log_level": "",
                "log_format": "Text",
                "log_group": "/aws/lambda/card-paid-credit-card-lambda",
                "system_log_level": ""
              }
            ],
            "memory_size": 512,
            "package_type": "Zip",
            "publish": false,
            "qualified_arn": "arn:aws:lambda:us-east-1:872112794115:function:card-paid-credit-card-lambda:$LATEST",
            "qualified_invoke_arn": "arn:aws:apigateway:us-east-1:lambda:path/2015-03-31/functions/arn:aws:lambda:us-east-1:872112794115:function:card-paid-credit-card-lambda:$LATEST/invocations",
            "region": "us-east-1",
            "replace_security_groups_on_destroy": null,
            "replacement_security_group_ids": null,
            "reserved_concurrent_executions": -1,
            "role": "arn:aws:iam::872112794115:role/card-paid-credit-card-lambda-role",
            "runtime": "java17",
            "s3_bucket": null,
            "s3_key": null,
            "s3_object_version": null,
            "signing_job_arn": "",
            "signing_profile_version_arn": "",
            "skip_destroy": false,
            "snap_start": [],
            "source_code_hash": "LtCq8fRpZ2neMVFZXsU7TmKOJXh3oDFZjNkQXw3d87s=",
            "source_code_size": 12787031,
            "source_kms_key_arn": "",
            "tags": null,
            "tags_all": {},
            "timeout": 30,
            "timeouts": null,
            "tracing_config": [
              {
                "mode": "PassThrough"
              }
            ],
            "version": "$LATEST",
            "vpc_config": []
          },
          "sensitive_attributes": [],
          "identity_schema_version": 0,
          "identity": {
            "account_id": "872112794115",
            "function_name": "card-paid-credit-card-lambda",
            "region": "us-east-1"
          },
          "private": "eyJlMmJmYjczMC1lY2FhLTExZTYtOGY4OC0zNDM2M2JjN2M0YzAiOnsiY3JlYXRlIjo2MDAwMDAwMDAwMDAsImRlbGV0ZSI6NjAwMDAwMDAwMDAwLCJ1cGRhdGUiOjYwMDAwMDAwMDAwMH19",
          "dependencies": [
            "aws_cloudwatch_log_group.lambda_paid_log",
            "aws_iam_role.lambda_paid_role",
            "aws_iam_role_policy.lambda_paid_policy"
          ]
        }
      ]
    },
    {
      "mode": "managed",
      "type": "aws_lambda_permission",
      "name": "allow_apigw_invoke_paid",
      "provider": "provider[\"registry.terraform.io/hashicorp/aws\"]",
      "instances": [
        {
          "schema_version": 0,
          "attributes": {
            "action": "lambda:InvokeFunction",
            "event_source_token": null,
            "function_name": "card-paid-credit-card-lambda",
            "function_url_auth_type": null,
            "id": "AllowAPIGatewayInvokeCardPaid",
            "principal": "apigateway.amazonaws.com",
            "principal_org_id": null,
            "qualifier": "",
            "region": "us-east-1",
            "source_account": null,
            "source_arn": "arn:aws:execute-api:us-east-1:872112794115:j9busqzanh/*/*/*",
            "statement_id": "AllowAPIGatewayInvokeCardPaid",
            "statement_id_prefix": ""
          },
          "sensitive_attributes": [],
          "identity_schema_version": 0,
          "identity": {
            "account_id": "872112794115",
            "function_name": "card-paid-credit-card-lambda",
            "qualifier": null,
            "region": "us-east-1",
            "statement_id": "AllowAPIGatewayInvokeCardPaid"
          },
          "private": "bnVsbA==",
          "dependencies": [
            "aws_cloudwatch_log_group.lambda_paid_log",
            "aws_iam_role.lambda_paid_role",
            "aws_iam_role_policy.lambda_paid_policy",
            "aws_lambda_function.card_paid_fn",
            "data.aws_caller_identity.current"
          ]
        }
      ]
    }
  ],
  "check_results": null
}
